{
  "requires": true,
  "lockfileVersion": 1,
  "dependencies": {
    "react-native-fontawesome": {
      "version": "7.0.0",
      "resolved": "https://registry.npmjs.org/react-native-fontawesome/-/react-native-fontawesome-7.0.0.tgz",
      "integrity": "sha512-UBZXyTLO8rK2NMf7Eomzb70b6cpL5JlBI4xwJGnRroRofrIXUxPelmm0Ojs6OcMs4ucAyPidCOxbJDJlmb2vdA=="
    }
  }
}
